
Microsoft Visual Studio Solution File, Format Version 12.00
# Visual Studio Version 16
VisualStudioVersion = 16.0.31605.320
MinimumVisualStudioVersion = 10.0.40219.1
Project("{FAE04EC0-301F-11D3-BF4B-00C04F79EFBC}") = "ReadLine", "ReadLine\ReadLine.csproj", "{083CCCA0-F528-4230-A6BA-2FA89E40F597}"
EndProject
Project("{FAE04EC0-301F-11D3-BF4B-00C04F79EFBC}") = "Conversion", "Conversion\Conversion.csproj", "{61E544DB-1209-4CD0-B53D-0B50EEC0E848}"
EndProject
Global
	GlobalSection(SolutionConfigurationPlatforms) = preSolution
		Debug|Any CPU = Debug|Any CPU
		Release|Any CPU = Release|Any CPU
	EndGlobalSection
	GlobalSection(ProjectConfigurationPlatforms) = postSolution
		{083CCCA0-F528-4230-A6BA-2FA89E40F597}.Debug|Any CPU.ActiveCfg = Debug|Any CPU
		{083CCCA0-F528-4230-A6BA-2FA89E40F597}.Debug|Any CPU.Build.0 = Debug|Any CPU
		{083CCCA0-F528-4230-A6BA-2FA89E40F597}.Release|Any CPU.ActiveCfg = Release|Any CPU
		{083CCCA0-F528-4230-A6BA-2FA89E40F597}.Release|Any CPU.Build.0 = Release|Any CPU
		{61E544DB-1209-4CD0-B53D-0B50EEC0E848}.Debug|Any CPU.ActiveCfg = Debug|Any CPU
		{61E544DB-1209-4CD0-B53D-0B50EEC0E848}.Debug|Any CPU.Build.0 = Debug|Any CPU
		{61E544DB-1209-4CD0-B53D-0B50EEC0E848}.Release|Any CPU.ActiveCfg = Release|Any CPU
		{61E544DB-1209-4CD0-B53D-0B50EEC0E848}.Release|Any CPU.Build.0 = Release|Any CPU
	EndGlobalSection
	GlobalSection(SolutionProperties) = preSolution
		HideSolutionNode = FALSE
	EndGlobalSection
	GlobalSection(ExtensibilityGlobals) = postSolution
		SolutionGuid = {837CA7E0-C24A-468B-97FF-DBABBA3136E7}
	EndGlobalSection
EndGlobal
